
Microsoft Visual Studio Solution File, Format Version 12.00
# Visual Studio Version 17
VisualStudioVersion = 17.0.31903.59
MinimumVisualStudioVersion = 10.0.40219.1
Project("{2150E333-8FDC-42A3-9474-1A3956D46DE8}") = "src", "src", "{64B5A449-FCCC-4D78-AA8A-55D7E6E66816}"
EndProject
Project("{FAE04EC0-301F-11D3-BF4B-00C04F79EFBC}") = "InPrompts.Web", "src\InPrompts.Web\InPrompts.Web.csproj", "{9F866245-19B4-4570-A07C-736EB6772104}"
EndProject
Project("{FAE04EC0-301F-11D3-BF4B-00C04F79EFBC}") = "InPrompts.Prompts", "src\InPrompts.Prompts\InPrompts.Prompts.csproj", "{2FBD6087-5CAB-42C8-BFD1-A36AE60D1BCD}"
EndProject
Project("{2150E333-8FDC-42A3-9474-1A3956D46DE8}") = "tests", "tests", "{0C5C2D0F-2740-44A3-B840-1D1AB56CBB0A}"
EndProject
Project("{FAE04EC0-301F-11D3-BF4B-00C04F79EFBC}") = "InPrompts.Prompts.Tests", "tests\InPrompts.Prompts.Tests\InPrompts.Prompts.Tests.csproj", "{56122B37-9B90-40F2-8EC8-F7183F53F9A1}"
EndProject
Project("{FAE04EC0-301F-11D3-BF4B-00C04F79EFBC}") = "InPrompts.Users", "src\InPrompts.Users\InPrompts.Users.csproj", "{5AD47DDE-5C5C-4433-8657-F5BAC3F3D89F}"
EndProject
Global
	GlobalSection(SolutionConfigurationPlatforms) = preSolution
		Debug|Any CPU = Debug|Any CPU
		Release|Any CPU = Release|Any CPU
	EndGlobalSection
	GlobalSection(ProjectConfigurationPlatforms) = postSolution
		{9F866245-19B4-4570-A07C-736EB6772104}.Debug|Any CPU.ActiveCfg = Debug|Any CPU
		{9F866245-19B4-4570-A07C-736EB6772104}.Debug|Any CPU.Build.0 = Debug|Any CPU
		{9F866245-19B4-4570-A07C-736EB6772104}.Release|Any CPU.ActiveCfg = Release|Any CPU
		{9F866245-19B4-4570-A07C-736EB6772104}.Release|Any CPU.Build.0 = Release|Any CPU
		{2FBD6087-5CAB-42C8-BFD1-A36AE60D1BCD}.Debug|Any CPU.ActiveCfg = Debug|Any CPU
		{2FBD6087-5CAB-42C8-BFD1-A36AE60D1BCD}.Debug|Any CPU.Build.0 = Debug|Any CPU
		{2FBD6087-5CAB-42C8-BFD1-A36AE60D1BCD}.Release|Any CPU.ActiveCfg = Release|Any CPU
		{2FBD6087-5CAB-42C8-BFD1-A36AE60D1BCD}.Release|Any CPU.Build.0 = Release|Any CPU
		{56122B37-9B90-40F2-8EC8-F7183F53F9A1}.Debug|Any CPU.ActiveCfg = Debug|Any CPU
		{56122B37-9B90-40F2-8EC8-F7183F53F9A1}.Debug|Any CPU.Build.0 = Debug|Any CPU
		{56122B37-9B90-40F2-8EC8-F7183F53F9A1}.Release|Any CPU.ActiveCfg = Release|Any CPU
		{56122B37-9B90-40F2-8EC8-F7183F53F9A1}.Release|Any CPU.Build.0 = Release|Any CPU
		{5AD47DDE-5C5C-4433-8657-F5BAC3F3D89F}.Debug|Any CPU.ActiveCfg = Debug|Any CPU
		{5AD47DDE-5C5C-4433-8657-F5BAC3F3D89F}.Debug|Any CPU.Build.0 = Debug|Any CPU
		{5AD47DDE-5C5C-4433-8657-F5BAC3F3D89F}.Release|Any CPU.ActiveCfg = Release|Any CPU
		{5AD47DDE-5C5C-4433-8657-F5BAC3F3D89F}.Release|Any CPU.Build.0 = Release|Any CPU
	EndGlobalSection
	GlobalSection(SolutionProperties) = preSolution
		HideSolutionNode = FALSE
	EndGlobalSection
	GlobalSection(NestedProjects) = preSolution
		{9F866245-19B4-4570-A07C-736EB6772104} = {64B5A449-FCCC-4D78-AA8A-55D7E6E66816}
		{2FBD6087-5CAB-42C8-BFD1-A36AE60D1BCD} = {64B5A449-FCCC-4D78-AA8A-55D7E6E66816}
		{56122B37-9B90-40F2-8EC8-F7183F53F9A1} = {0C5C2D0F-2740-44A3-B840-1D1AB56CBB0A}
		{5AD47DDE-5C5C-4433-8657-F5BAC3F3D89F} = {64B5A449-FCCC-4D78-AA8A-55D7E6E66816}
	EndGlobalSection
EndGlobal
